
Microsoft Visual Studio Solution File, Format Version 12.00
# Visual Studio Version 16
VisualStudioVersion = 16.0.28621.142
MinimumVisualStudioVersion = 10.0.40219.1
Project("{9A19103F-16F7-4668-BE54-9A1E7A4F7556}") = "ED.WebServer", "ED.WebServer\ED.WebServer.csproj", "{C8125347-8DCD-4D65-AA5E-B5FEAC4124E5}"
EndProject
Project("{2150E333-8FDC-42A3-9474-1A3956D46DE8}") = "Solution Items", "Solution Items", "{3B232F52-8B27-4CC5-A753-D1F9FA91B908}"
	ProjectSection(SolutionItems) = preProject
		.gitattributes = .gitattributes
		.gitignore = .gitignore
		.circleci\config.yml = .circleci\config.yml
		README.md = README.md
	EndProjectSection
EndProject
Project("{9A19103F-16F7-4668-BE54-9A1E7A4F7556}") = "ED.UdpListener", "ED.UdpListener\ED.UdpListener.csproj", "{0D819237-0549-4DA2-81FB-A90CD48D6B21}"
EndProject
Project("{9A19103F-16F7-4668-BE54-9A1E7A4F7556}") = "ED.DispatchEventReceivers", "ED.DispatchEventReceivers\ED.DispatchEventReceivers.csproj", "{E60D7126-45C5-4F0D-AF43-57C240F42E03}"
EndProject
Global
	GlobalSection(SolutionConfigurationPlatforms) = preSolution
		Debug|Any CPU = Debug|Any CPU
		Release|Any CPU = Release|Any CPU
	EndGlobalSection
	GlobalSection(ProjectConfigurationPlatforms) = postSolution
		{C8125347-8DCD-4D65-AA5E-B5FEAC4124E5}.Debug|Any CPU.ActiveCfg = Debug|Any CPU
		{C8125347-8DCD-4D65-AA5E-B5FEAC4124E5}.Debug|Any CPU.Build.0 = Debug|Any CPU
		{C8125347-8DCD-4D65-AA5E-B5FEAC4124E5}.Release|Any CPU.ActiveCfg = Release|Any CPU
		{C8125347-8DCD-4D65-AA5E-B5FEAC4124E5}.Release|Any CPU.Build.0 = Release|Any CPU
		{0D819237-0549-4DA2-81FB-A90CD48D6B21}.Debug|Any CPU.ActiveCfg = Debug|Any CPU
		{0D819237-0549-4DA2-81FB-A90CD48D6B21}.Debug|Any CPU.Build.0 = Debug|Any CPU
		{0D819237-0549-4DA2-81FB-A90CD48D6B21}.Release|Any CPU.ActiveCfg = Release|Any CPU
		{0D819237-0549-4DA2-81FB-A90CD48D6B21}.Release|Any CPU.Build.0 = Release|Any CPU
		{E60D7126-45C5-4F0D-AF43-57C240F42E03}.Debug|Any CPU.ActiveCfg = Debug|Any CPU
		{E60D7126-45C5-4F0D-AF43-57C240F42E03}.Debug|Any CPU.Build.0 = Debug|Any CPU
		{E60D7126-45C5-4F0D-AF43-57C240F42E03}.Release|Any CPU.ActiveCfg = Release|Any CPU
		{E60D7126-45C5-4F0D-AF43-57C240F42E03}.Release|Any CPU.Build.0 = Release|Any CPU
	EndGlobalSection
	GlobalSection(SolutionProperties) = preSolution
		HideSolutionNode = FALSE
	EndGlobalSection
	GlobalSection(ExtensibilityGlobals) = postSolution
		SolutionGuid = {405B47CE-B845-4FC9-9F41-81DB3FBC2802}
	EndGlobalSection
EndGlobal
